
Microsoft Visual Studio Solution File, Format Version 12.00
# Visual Studio Version 17
VisualStudioVersion = 17.7.34031.279
MinimumVisualStudioVersion = 10.0.40219.1
Project("{2150E333-8FDC-42A3-9474-1A3956D46DE8}") = "Task0", "Task0", "{DBBBEE0E-E0EC-44B7-BE5D-C35945524ED7}"
EndProject
Project("{FAE04EC0-301F-11D3-BF4B-00C04F79EFBC}") = "Tyuiu.KhasanovRV.Sprint2.Task0.V18", "Tyuiu.KhasanovRV.Sprint2.Task0.V18\Tyuiu.KhasanovRV.Sprint2.Task0.V18.csproj", "{82C5C942-7212-41A7-B5E9-BCD04D6F40D2}"
EndProject
Project("{FAE04EC0-301F-11D3-BF4B-00C04F79EFBC}") = "Tyuiu.KhasanovRV.Sprint2.Task0.V18.Lib", "Tyuiu.KhasanovRV.Sprint2.Task0.V18.Lib\Tyuiu.KhasanovRV.Sprint2.Task0.V18.Lib.csproj", "{650531B2-5D65-41CB-B57F-DEACBBB722A1}"
EndProject
Project("{FAE04EC0-301F-11D3-BF4B-00C04F79EFBC}") = "Tyuiu.KhasanovRV.Sprint2.Task0.V18.Test", "Tyuiu.KhasanovRV.Sprint2.Task0.V18.Test\Tyuiu.KhasanovRV.Sprint2.Task0.V18.Test.csproj", "{8EF7C690-47E2-4048-9DF9-BAEC1B6FE8EE}"
EndProject
Project("{2150E333-8FDC-42A3-9474-1A3956D46DE8}") = "Task1", "Task1", "{761280D6-CEA6-49B5-B2F0-5FA717A076F3}"
EndProject
Project("{FAE04EC0-301F-11D3-BF4B-00C04F79EFBC}") = "Tyuiu.KhasanovRV.Sprint2.Task1.V27", "Tyuiu.KhasanovRV.Sprint2.Task1.V27\Tyuiu.KhasanovRV.Sprint2.Task1.V27.csproj", "{98A2A534-DFA3-470F-AC6D-54A458E95C38}"
EndProject
Project("{FAE04EC0-301F-11D3-BF4B-00C04F79EFBC}") = "Tyuiu.KhasanovRV.Sprint2.Task1.V27.Lib", "Tyuiu.KhasanovRV.Sprint2.Task1.V27.Lib\Tyuiu.KhasanovRV.Sprint2.Task1.V27.Lib.csproj", "{34B79B4C-AEE6-414C-B023-AF66A24AF73D}"
EndProject
Project("{FAE04EC0-301F-11D3-BF4B-00C04F79EFBC}") = "Tyuiu.KhasanovRV.Sprint2.Task1.V27.Test", "Tyuiu.KhasanovRV.Sprint2.Task1.V27.Test\Tyuiu.KhasanovRV.Sprint2.Task1.V27.Test.csproj", "{46BB961B-77D1-4E05-8FC7-1E8375BBD91C}"
EndProject
Project("{2150E333-8FDC-42A3-9474-1A3956D46DE8}") = "Task2", "Task2", "{F2F2A2C5-9715-4811-9DA8-B865BF41CD3E}"
EndProject
Project("{FAE04EC0-301F-11D3-BF4B-00C04F79EFBC}") = "Tyuiu.KhasanovRV.Sprint2.Task2.V23", "Tyuiu.KhasanovRV.Sprint2.Task2.V23\Tyuiu.KhasanovRV.Sprint2.Task2.V23.csproj", "{0EAC14F9-AFC2-4E2B-83B2-E74F67CA8DED}"
EndProject
Project("{FAE04EC0-301F-11D3-BF4B-00C04F79EFBC}") = "Tyuiu.KhasanovRV.Sprint2.Task2.V23.Lib", "Tyuiu.KhasanovRV.Sprint2.Task2.V23.Lib\Tyuiu.KhasanovRV.Sprint2.Task2.V23.Lib.csproj", "{D38222A8-55B2-4B5A-8CE3-96681E6E5E23}"
EndProject
Project("{FAE04EC0-301F-11D3-BF4B-00C04F79EFBC}") = "Tyuiu.KhasanovRV.Sprint2.Task2.V23.Test", "Tyuiu.KhasanovRV.Sprint2.Task2.V23.Test\Tyuiu.KhasanovRV.Sprint2.Task2.V23.Test.csproj", "{DA28FB1B-4374-48E7-813B-F4188A36A346}"
EndProject
Project("{2150E333-8FDC-42A3-9474-1A3956D46DE8}") = "Task3", "Task3", "{E4F8A795-3718-43F8-AAFE-57387E1C0BE9}"
EndProject
Project("{FAE04EC0-301F-11D3-BF4B-00C04F79EFBC}") = "Tyuiu.KhasanovRV.Sprint2.Task3.V21", "Tyuiu.KhasanovRV.Sprint2.Task3.V21\Tyuiu.KhasanovRV.Sprint2.Task3.V21.csproj", "{A84624BD-2EC8-47DB-AD60-5C5F155F9428}"
EndProject
Project("{FAE04EC0-301F-11D3-BF4B-00C04F79EFBC}") = "Tyuiu.KhasanovRV.Sprint2.Task3.V21.Lib", "Tyuiu.KhasanovRV.Sprint2.Task3.V21.Lib\Tyuiu.KhasanovRV.Sprint2.Task3.V21.Lib.csproj", "{853C3E38-1A66-41FB-8716-DADA5AC357B2}"
EndProject
Project("{FAE04EC0-301F-11D3-BF4B-00C04F79EFBC}") = "Tyuiu.KhasanovRV.Sprint2.Task3.V21.Test", "Tyuiu.KhasanovRV.Sprint2.Task3.V21.Test\Tyuiu.KhasanovRV.Sprint2.Task3.V21.Test.csproj", "{F163C356-09EB-4A6F-8CD6-397CA16A0778}"
EndProject
Global
	GlobalSection(SolutionConfigurationPlatforms) = preSolution
		Debug|Any CPU = Debug|Any CPU
		Release|Any CPU = Release|Any CPU
	EndGlobalSection
	GlobalSection(ProjectConfigurationPlatforms) = postSolution
		{82C5C942-7212-41A7-B5E9-BCD04D6F40D2}.Debug|Any CPU.ActiveCfg = Debug|Any CPU
		{82C5C942-7212-41A7-B5E9-BCD04D6F40D2}.Debug|Any CPU.Build.0 = Debug|Any CPU
		{82C5C942-7212-41A7-B5E9-BCD04D6F40D2}.Release|Any CPU.ActiveCfg = Release|Any CPU
		{82C5C942-7212-41A7-B5E9-BCD04D6F40D2}.Release|Any CPU.Build.0 = Release|Any CPU
		{650531B2-5D65-41CB-B57F-DEACBBB722A1}.Debug|Any CPU.ActiveCfg = Debug|Any CPU
		{650531B2-5D65-41CB-B57F-DEACBBB722A1}.Debug|Any CPU.Build.0 = Debug|Any CPU
		{650531B2-5D65-41CB-B57F-DEACBBB722A1}.Release|Any CPU.ActiveCfg = Release|Any CPU
		{650531B2-5D65-41CB-B57F-DEACBBB722A1}.Release|Any CPU.Build.0 = Release|Any CPU
		{8EF7C690-47E2-4048-9DF9-BAEC1B6FE8EE}.Debug|Any CPU.ActiveCfg = Debug|Any CPU
		{8EF7C690-47E2-4048-9DF9-BAEC1B6FE8EE}.Debug|Any CPU.Build.0 = Debug|Any CPU
		{8EF7C690-47E2-4048-9DF9-BAEC1B6FE8EE}.Release|Any CPU.ActiveCfg = Release|Any CPU
		{8EF7C690-47E2-4048-9DF9-BAEC1B6FE8EE}.Release|Any CPU.Build.0 = Release|Any CPU
		{98A2A534-DFA3-470F-AC6D-54A458E95C38}.Debug|Any CPU.ActiveCfg = Debug|Any CPU
		{98A2A534-DFA3-470F-AC6D-54A458E95C38}.Debug|Any CPU.Build.0 = Debug|Any CPU
		{98A2A534-DFA3-470F-AC6D-54A458E95C38}.Release|Any CPU.ActiveCfg = Release|Any CPU
		{98A2A534-DFA3-470F-AC6D-54A458E95C38}.Release|Any CPU.Build.0 = Release|Any CPU
		{34B79B4C-AEE6-414C-B023-AF66A24AF73D}.Debug|Any CPU.ActiveCfg = Debug|Any CPU
		{34B79B4C-AEE6-414C-B023-AF66A24AF73D}.Debug|Any CPU.Build.0 = Debug|Any CPU
		{34B79B4C-AEE6-414C-B023-AF66A24AF73D}.Release|Any CPU.ActiveCfg = Release|Any CPU
		{34B79B4C-AEE6-414C-B023-AF66A24AF73D}.Release|Any CPU.Build.0 = Release|Any CPU
		{46BB961B-77D1-4E05-8FC7-1E8375BBD91C}.Debug|Any CPU.ActiveCfg = Debug|Any CPU
		{46BB961B-77D1-4E05-8FC7-1E8375BBD91C}.Debug|Any CPU.Build.0 = Debug|Any CPU
		{46BB961B-77D1-4E05-8FC7-1E8375BBD91C}.Release|Any CPU.ActiveCfg = Release|Any CPU
		{46BB961B-77D1-4E05-8FC7-1E8375BBD91C}.Release|Any CPU.Build.0 = Release|Any CPU
		{0EAC14F9-AFC2-4E2B-83B2-E74F67CA8DED}.Debug|Any CPU.ActiveCfg = Debug|Any CPU
		{0EAC14F9-AFC2-4E2B-83B2-E74F67CA8DED}.Debug|Any CPU.Build.0 = Debug|Any CPU
		{0EAC14F9-AFC2-4E2B-83B2-E74F67CA8DED}.Release|Any CPU.ActiveCfg = Release|Any CPU
		{0EAC14F9-AFC2-4E2B-83B2-E74F67CA8DED}.Release|Any CPU.Build.0 = Release|Any CPU
		{D38222A8-55B2-4B5A-8CE3-96681E6E5E23}.Debug|Any CPU.ActiveCfg = Debug|Any CPU
		{D38222A8-55B2-4B5A-8CE3-96681E6E5E23}.Debug|Any CPU.Build.0 = Debug|Any CPU
		{D38222A8-55B2-4B5A-8CE3-96681E6E5E23}.Release|Any CPU.ActiveCfg = Release|Any CPU
		{D38222A8-55B2-4B5A-8CE3-96681E6E5E23}.Release|Any CPU.Build.0 = Release|Any CPU
		{DA28FB1B-4374-48E7-813B-F4188A36A346}.Debug|Any CPU.ActiveCfg = Debug|Any CPU
		{DA28FB1B-4374-48E7-813B-F4188A36A346}.Debug|Any CPU.Build.0 = Debug|Any CPU
		{DA28FB1B-4374-48E7-813B-F4188A36A346}.Release|Any CPU.ActiveCfg = Release|Any CPU
		{DA28FB1B-4374-48E7-813B-F4188A36A346}.Release|Any CPU.Build.0 = Release|Any CPU
		{A84624BD-2EC8-47DB-AD60-5C5F155F9428}.Debug|Any CPU.ActiveCfg = Debug|Any CPU
		{A84624BD-2EC8-47DB-AD60-5C5F155F9428}.Debug|Any CPU.Build.0 = Debug|Any CPU
		{A84624BD-2EC8-47DB-AD60-5C5F155F9428}.Release|Any CPU.ActiveCfg = Release|Any CPU
		{A84624BD-2EC8-47DB-AD60-5C5F155F9428}.Release|Any CPU.Build.0 = Release|Any CPU
		{853C3E38-1A66-41FB-8716-DADA5AC357B2}.Debug|Any CPU.ActiveCfg = Debug|Any CPU
		{853C3E38-1A66-41FB-8716-DADA5AC357B2}.Debug|Any CPU.Build.0 = Debug|Any CPU
		{853C3E38-1A66-41FB-8716-DADA5AC357B2}.Release|Any CPU.ActiveCfg = Release|Any CPU
		{853C3E38-1A66-41FB-8716-DADA5AC357B2}.Release|Any CPU.Build.0 = Release|Any CPU
		{F163C356-09EB-4A6F-8CD6-397CA16A0778}.Debug|Any CPU.ActiveCfg = Debug|Any CPU
		{F163C356-09EB-4A6F-8CD6-397CA16A0778}.Debug|Any CPU.Build.0 = Debug|Any CPU
		{F163C356-09EB-4A6F-8CD6-397CA16A0778}.Release|Any CPU.ActiveCfg = Release|Any CPU
		{F163C356-09EB-4A6F-8CD6-397CA16A0778}.Release|Any CPU.Build.0 = Release|Any CPU
	EndGlobalSection
	GlobalSection(SolutionProperties) = preSolution
		HideSolutionNode = FALSE
	EndGlobalSection
	GlobalSection(NestedProjects) = preSolution
		{82C5C942-7212-41A7-B5E9-BCD04D6F40D2} = {DBBBEE0E-E0EC-44B7-BE5D-C35945524ED7}
		{650531B2-5D65-41CB-B57F-DEACBBB722A1} = {DBBBEE0E-E0EC-44B7-BE5D-C35945524ED7}
		{8EF7C690-47E2-4048-9DF9-BAEC1B6FE8EE} = {DBBBEE0E-E0EC-44B7-BE5D-C35945524ED7}
		{98A2A534-DFA3-470F-AC6D-54A458E95C38} = {761280D6-CEA6-49B5-B2F0-5FA717A076F3}
		{34B79B4C-AEE6-414C-B023-AF66A24AF73D} = {761280D6-CEA6-49B5-B2F0-5FA717A076F3}
		{46BB961B-77D1-4E05-8FC7-1E8375BBD91C} = {761280D6-CEA6-49B5-B2F0-5FA717A076F3}
		{0EAC14F9-AFC2-4E2B-83B2-E74F67CA8DED} = {F2F2A2C5-9715-4811-9DA8-B865BF41CD3E}
		{D38222A8-55B2-4B5A-8CE3-96681E6E5E23} = {F2F2A2C5-9715-4811-9DA8-B865BF41CD3E}
		{DA28FB1B-4374-48E7-813B-F4188A36A346} = {F2F2A2C5-9715-4811-9DA8-B865BF41CD3E}
		{A84624BD-2EC8-47DB-AD60-5C5F155F9428} = {E4F8A795-3718-43F8-AAFE-57387E1C0BE9}
		{853C3E38-1A66-41FB-8716-DADA5AC357B2} = {E4F8A795-3718-43F8-AAFE-57387E1C0BE9}
		{F163C356-09EB-4A6F-8CD6-397CA16A0778} = {E4F8A795-3718-43F8-AAFE-57387E1C0BE9}
	EndGlobalSection
	GlobalSection(ExtensibilityGlobals) = postSolution
		SolutionGuid = {E183BE7F-BDE7-416A-B67C-B3CFDAF2B6AC}
	EndGlobalSection
EndGlobal
